
Microsoft Visual Studio Solution File, Format Version 12.00
# Visual Studio Version 17
VisualStudioVersion = 17.5.33502.453
MinimumVisualStudioVersion = 10.0.40219.1
Project("{FAE04EC0-301F-11D3-BF4B-00C04F79EFBC}") = "SESSIONWPF", "SESSIONWPF\SESSIONWPF.csproj", "{B76D4577-723D-4807-AE91-131DC8091B0D}"
EndProject
Project("{FAE04EC0-301F-11D3-BF4B-00C04F79EFBC}") = "SESSIONWPFTests", "Testing\SESSIONWPFTests.csproj", "{822998AD-575A-442D-871C-D799FC59D5F0}"
EndProject
Global
	GlobalSection(SolutionConfigurationPlatforms) = preSolution
		Debug|Any CPU = Debug|Any CPU
		Release|Any CPU = Release|Any CPU
	EndGlobalSection
	GlobalSection(ProjectConfigurationPlatforms) = postSolution
		{B76D4577-723D-4807-AE91-131DC8091B0D}.Debug|Any CPU.ActiveCfg = Debug|Any CPU
		{B76D4577-723D-4807-AE91-131DC8091B0D}.Debug|Any CPU.Build.0 = Debug|Any CPU
		{B76D4577-723D-4807-AE91-131DC8091B0D}.Release|Any CPU.ActiveCfg = Release|Any CPU
		{B76D4577-723D-4807-AE91-131DC8091B0D}.Release|Any CPU.Build.0 = Release|Any CPU
		{822998AD-575A-442D-871C-D799FC59D5F0}.Debug|Any CPU.ActiveCfg = Debug|Any CPU
		{822998AD-575A-442D-871C-D799FC59D5F0}.Debug|Any CPU.Build.0 = Debug|Any CPU
		{822998AD-575A-442D-871C-D799FC59D5F0}.Release|Any CPU.ActiveCfg = Release|Any CPU
		{822998AD-575A-442D-871C-D799FC59D5F0}.Release|Any CPU.Build.0 = Release|Any CPU
	EndGlobalSection
	GlobalSection(SolutionProperties) = preSolution
		HideSolutionNode = FALSE
	EndGlobalSection
	GlobalSection(ExtensibilityGlobals) = postSolution
		SolutionGuid = {86750D05-2832-400A-B589-34E3B4775F39}
	EndGlobalSection
EndGlobal
